
Microsoft Visual Studio Solution File, Format Version 12.00
# Visual Studio Version 17
VisualStudioVersion = 17.6.33717.318
MinimumVisualStudioVersion = 10.0.40219.1
Project("{9A19103F-16F7-4668-BE54-9A1E7A4F7556}") = "Domain", "src\Domain\Domain.csproj", "{C1E8FAF6-CEF3-41F4-B6FD-2EDAD1E1C8FC}"
EndProject
Project("{2150E333-8FDC-42A3-9474-1A3956D46DE8}") = "src", "src", "{87A92CFB-6F3D-4E7B-9326-74326527D9A1}"
EndProject
Project("{9A19103F-16F7-4668-BE54-9A1E7A4F7556}") = "WebApi", "src\WebApi\WebApi.csproj", "{034344C0-0CF8-4024-9872-8092C8FAF818}"
EndProject
Project("{9A19103F-16F7-4668-BE54-9A1E7A4F7556}") = "Application", "src\Application\Application.csproj", "{E28730E6-9288-46F7-87E8-6DE4538DFEF3}"
EndProject
Project("{9A19103F-16F7-4668-BE54-9A1E7A4F7556}") = "Infrastructure", "src\Infrastructure\Infrastructure.csproj", "{DF28E0C9-5C1E-453E-937E-C08D38C3DCD0}"
EndProject
Project("{2150E333-8FDC-42A3-9474-1A3956D46DE8}") = "tests", "tests", "{34DC4773-ADA9-4624-845B-BADC738FAEE5}"
EndProject
Project("{9A19103F-16F7-4668-BE54-9A1E7A4F7556}") = "Dashboard", "src\Dashboard\Dashboard.csproj", "{BD539450-01A0-450B-A52A-B830D2B8DC14}"
EndProject
Project("{E53339B2-1760-4266-BCC7-CA923CBCF16C}") = "docker-compose", "docker-compose.dcproj", "{0F9543E6-9D02-468C-9C59-0F87D5F22AFC}"
EndProject
Global
	GlobalSection(SolutionConfigurationPlatforms) = preSolution
		Debug|Any CPU = Debug|Any CPU
		Release|Any CPU = Release|Any CPU
	EndGlobalSection
	GlobalSection(ProjectConfigurationPlatforms) = postSolution
		{C1E8FAF6-CEF3-41F4-B6FD-2EDAD1E1C8FC}.Debug|Any CPU.ActiveCfg = Debug|Any CPU
		{C1E8FAF6-CEF3-41F4-B6FD-2EDAD1E1C8FC}.Debug|Any CPU.Build.0 = Debug|Any CPU
		{C1E8FAF6-CEF3-41F4-B6FD-2EDAD1E1C8FC}.Release|Any CPU.ActiveCfg = Release|Any CPU
		{C1E8FAF6-CEF3-41F4-B6FD-2EDAD1E1C8FC}.Release|Any CPU.Build.0 = Release|Any CPU
		{034344C0-0CF8-4024-9872-8092C8FAF818}.Debug|Any CPU.ActiveCfg = Debug|Any CPU
		{034344C0-0CF8-4024-9872-8092C8FAF818}.Debug|Any CPU.Build.0 = Debug|Any CPU
		{034344C0-0CF8-4024-9872-8092C8FAF818}.Release|Any CPU.ActiveCfg = Release|Any CPU
		{034344C0-0CF8-4024-9872-8092C8FAF818}.Release|Any CPU.Build.0 = Release|Any CPU
		{E28730E6-9288-46F7-87E8-6DE4538DFEF3}.Debug|Any CPU.ActiveCfg = Debug|Any CPU
		{E28730E6-9288-46F7-87E8-6DE4538DFEF3}.Debug|Any CPU.Build.0 = Debug|Any CPU
		{E28730E6-9288-46F7-87E8-6DE4538DFEF3}.Release|Any CPU.ActiveCfg = Release|Any CPU
		{E28730E6-9288-46F7-87E8-6DE4538DFEF3}.Release|Any CPU.Build.0 = Release|Any CPU
		{DF28E0C9-5C1E-453E-937E-C08D38C3DCD0}.Debug|Any CPU.ActiveCfg = Debug|Any CPU
		{DF28E0C9-5C1E-453E-937E-C08D38C3DCD0}.Debug|Any CPU.Build.0 = Debug|Any CPU
		{DF28E0C9-5C1E-453E-937E-C08D38C3DCD0}.Release|Any CPU.ActiveCfg = Release|Any CPU
		{DF28E0C9-5C1E-453E-937E-C08D38C3DCD0}.Release|Any CPU.Build.0 = Release|Any CPU
		{BD539450-01A0-450B-A52A-B830D2B8DC14}.Debug|Any CPU.ActiveCfg = Debug|Any CPU
		{BD539450-01A0-450B-A52A-B830D2B8DC14}.Debug|Any CPU.Build.0 = Debug|Any CPU
		{BD539450-01A0-450B-A52A-B830D2B8DC14}.Release|Any CPU.ActiveCfg = Release|Any CPU
		{BD539450-01A0-450B-A52A-B830D2B8DC14}.Release|Any CPU.Build.0 = Release|Any CPU
		{0F9543E6-9D02-468C-9C59-0F87D5F22AFC}.Debug|Any CPU.ActiveCfg = Debug|Any CPU
		{0F9543E6-9D02-468C-9C59-0F87D5F22AFC}.Debug|Any CPU.Build.0 = Debug|Any CPU
		{0F9543E6-9D02-468C-9C59-0F87D5F22AFC}.Release|Any CPU.ActiveCfg = Release|Any CPU
		{0F9543E6-9D02-468C-9C59-0F87D5F22AFC}.Release|Any CPU.Build.0 = Release|Any CPU
	EndGlobalSection
	GlobalSection(SolutionProperties) = preSolution
		HideSolutionNode = FALSE
	EndGlobalSection
	GlobalSection(NestedProjects) = preSolution
		{C1E8FAF6-CEF3-41F4-B6FD-2EDAD1E1C8FC} = {87A92CFB-6F3D-4E7B-9326-74326527D9A1}
		{034344C0-0CF8-4024-9872-8092C8FAF818} = {87A92CFB-6F3D-4E7B-9326-74326527D9A1}
		{E28730E6-9288-46F7-87E8-6DE4538DFEF3} = {87A92CFB-6F3D-4E7B-9326-74326527D9A1}
		{DF28E0C9-5C1E-453E-937E-C08D38C3DCD0} = {87A92CFB-6F3D-4E7B-9326-74326527D9A1}
		{BD539450-01A0-450B-A52A-B830D2B8DC14} = {87A92CFB-6F3D-4E7B-9326-74326527D9A1}
	EndGlobalSection
	GlobalSection(ExtensibilityGlobals) = postSolution
		SolutionGuid = {D70C17B6-3A1F-4D22-BEB1-5D872B505E47}
	EndGlobalSection
EndGlobal
